
Microsoft Visual Studio Solution File, Format Version 12.00
# Visual Studio 15
VisualStudioVersion = 15.0.27428.2043
MinimumVisualStudioVersion = 10.0.40219.1
Project("{9A19103F-16F7-4668-BE54-9A1E7A4F7556}") = "SearchPlaces", "src\SearchPlaces.csproj", "{D24C5780-81E9-4986-B537-B08C8B94012C}"
EndProject
Global
	GlobalSection(SolutionConfigurationPlatforms) = preSolution
		Debug|Any CPU = Debug|Any CPU
		Release|Any CPU = Release|Any CPU
	EndGlobalSection
	GlobalSection(ProjectConfigurationPlatforms) = postSolution
		{D24C5780-81E9-4986-B537-B08C8B94012C}.Debug|Any CPU.ActiveCfg = Debug|Any CPU
		{D24C5780-81E9-4986-B537-B08C8B94012C}.Debug|Any CPU.Build.0 = Debug|Any CPU
		{D24C5780-81E9-4986-B537-B08C8B94012C}.Release|Any CPU.ActiveCfg = Release|Any CPU
		{D24C5780-81E9-4986-B537-B08C8B94012C}.Release|Any CPU.Build.0 = Release|Any CPU
	EndGlobalSection
	GlobalSection(SolutionProperties) = preSolution
		HideSolutionNode = FALSE
	EndGlobalSection
	GlobalSection(ExtensibilityGlobals) = postSolution
		SolutionGuid = {E9FC8EEC-6F27-4D29-82D9-A6BDC47A66AE}
	EndGlobalSection
EndGlobal
